// !$*UTF8*$!
{
	archiveVersion = 1;
	classes = {
	};
	objectVersion = 56;
	objects = {

/* Begin PBXBuildFile section */
		3D0C907C2C3A4A2600010001 /* app icon lock.icon in Resources */ = {isa = PBXBuildFile; fileRef = 3D0C907A2C3A4A2600010001 /* app icon lock.icon */; };
		3D0C90812C3A4A2600010001 /* WipeLockApp.swift in Sources */ = {isa = PBXBuildFile; fileRef = 3D0C907D2C3A4A2600010001 /* WipeLockApp.swift */; };
		3D0C90822C3A4A2600010001 /* ContentView.swift in Sources */ = {isa = PBXBuildFile; fileRef = 3D0C907E2C3A4A2600010001 /* ContentView.swift */; };
		3D0C90832C3A4A2600010001 /* CleaningDependencies.swift in Sources */ = {isa = PBXBuildFile; fileRef = 3D0C907F2C3A4A2600010001 /* CleaningDependencies.swift */; };
		3D0C90842C3A4A2600010001 /* CleaningController.swift in Sources */ = {isa = PBXBuildFile; fileRef = 3D0C90802C3A4A2600010001 /* CleaningController.swift */; };
		3D0C90882C3A4A2600010001 /* EventTapInputBlocker.swift in Sources */ = {isa = PBXBuildFile; fileRef = 3D0C90852C3A4A2600010001 /* EventTapInputBlocker.swift */; };
		3D0C90892C3A4A2600010001 /* HIDTrackpadBlocker.swift in Sources */ = {isa = PBXBuildFile; fileRef = 3D0C90862C3A4A2600010001 /* HIDTrackpadBlocker.swift */; };
		3D0C908A2C3A4A2600010001 /* TrackpadGestureBlocker.swift in Sources */ = {isa = PBXBuildFile; fileRef = 3D0C90872C3A4A2600010001 /* TrackpadGestureBlocker.swift */; };
		3D0C90902C3A4A2600010001 /* CleaningControllerTests.swift in Sources */ = {isa = PBXBuildFile; fileRef = 3D0C908F2C3A4A2600010001 /* CleaningControllerTests.swift */; };
/* End PBXBuildFile section */

/* Begin PBXContainerItemProxy section */
		3D0C90972C3A4A2600010001 /* PBXContainerItemProxy */ = {
			isa = PBXContainerItemProxy;
			containerPortal = 3D0C90572C3A4A2600010001 /* Project object */;
			proxyType = 1;
			remoteGlobalIDString = 3D0C905E2C3A4A2600010001;
			remoteInfo = WipeLock;
		};
/* End PBXContainerItemProxy section */

/* Begin PBXFileReference section */
		3D0C905F2C3A4A2600010001 /* WipeLock.app */ = {isa = PBXFileReference; explicitFileType = wrapper.application; includeInIndex = 0; path = WipeLock.app; sourceTree = BUILT_PRODUCTS_DIR; };
		3D0C90672C3A4A2600010001 /* Info.plist */ = {isa = PBXFileReference; lastKnownFileType = text.plist.xml; path = Info.plist; sourceTree = "<group>"; };
		3D0C90682C3A4A2600010001 /* README.md */ = {isa = PBXFileReference; lastKnownFileType = net.daringfireball.markdown; path = README.md; sourceTree = "<group>"; };
		3D0C90692C3A4A2600010001 /* build.sh */ = {isa = PBXFileReference; lastKnownFileType = text.script.sh; path = build.sh; sourceTree = "<group>"; };
		3D0C90792C3A4A2600010001 /* README.md */ = {isa = PBXFileReference; lastKnownFileType = net.daringfireball.markdown; path = README.md; sourceTree = "<group>"; };
		3D0C907A2C3A4A2600010001 /* app icon lock.icon */ = {isa = PBXFileReference; lastKnownFileType = folder; path = "app icon lock.icon"; sourceTree = "<group>"; };
		3D0C907D2C3A4A2600010001 /* WipeLockApp.swift */ = {isa = PBXFileReference; lastKnownFileType = sourcecode.swift; path = WipeLockApp.swift; sourceTree = "<group>"; };
		3D0C907E2C3A4A2600010001 /* ContentView.swift */ = {isa = PBXFileReference; lastKnownFileType = sourcecode.swift; path = ContentView.swift; sourceTree = "<group>"; };
		3D0C907F2C3A4A2600010001 /* CleaningDependencies.swift */ = {isa = PBXFileReference; lastKnownFileType = sourcecode.swift; path = CleaningDependencies.swift; sourceTree = "<group>"; };
		3D0C90802C3A4A2600010001 /* CleaningController.swift */ = {isa = PBXFileReference; lastKnownFileType = sourcecode.swift; path = CleaningController.swift; sourceTree = "<group>"; };
		3D0C90852C3A4A2600010001 /* EventTapInputBlocker.swift */ = {isa = PBXFileReference; lastKnownFileType = sourcecode.swift; path = EventTapInputBlocker.swift; sourceTree = "<group>"; };
		3D0C90862C3A4A2600010001 /* HIDTrackpadBlocker.swift */ = {isa = PBXFileReference; lastKnownFileType = sourcecode.swift; path = HIDTrackpadBlocker.swift; sourceTree = "<group>"; };
		3D0C90872C3A4A2600010001 /* TrackpadGestureBlocker.swift */ = {isa = PBXFileReference; lastKnownFileType = sourcecode.swift; path = TrackpadGestureBlocker.swift; sourceTree = "<group>"; };
		3D0C908B2C3A4A2600010001 /* WipeLockTests.xctest */ = {isa = PBXFileReference; explicitFileType = wrapper.cfbundle; includeInIndex = 0; path = WipeLockTests.xctest; sourceTree = BUILT_PRODUCTS_DIR; };
		3D0C908F2C3A4A2600010001 /* CleaningControllerTests.swift */ = {isa = PBXFileReference; lastKnownFileType = sourcecode.swift; path = CleaningControllerTests.swift; sourceTree = "<group>"; };
/* End PBXFileReference section */

/* Begin PBXFrameworksBuildPhase section */
		3D0C905C2C3A4A2600010001 /* Frameworks */ = {
			isa = PBXFrameworksBuildPhase;
			buildActionMask = 2147483647;
			files = (
			);
			runOnlyForDeploymentPostprocessing = 0;
		};
		3D0C908D2C3A4A2600010001 /* Frameworks */ = {
			isa = PBXFrameworksBuildPhase;
			buildActionMask = 2147483647;
			files = (
			);
			runOnlyForDeploymentPostprocessing = 0;
		};
/* End PBXFrameworksBuildPhase section */

/* Begin PBXGroup section */
		3D0C90562C3A4A2600010001 = {
			isa = PBXGroup;
			children = (
				3D0C90642C3A4A2600010001 /* Sources */,
				3D0C908C2C3A4A2600010001 /* Tests */,
				3D0C90632C3A4A2600010001 /* Resources */,
				3D0C90742C3A4A2600010001 /* Assets */,
				3D0C90682C3A4A2600010001 /* README.md */,
				3D0C90692C3A4A2600010001 /* build.sh */,
				3D0C90602C3A4A2600010001 /* Products */,
			);
			sourceTree = "<group>";
		};
		3D0C90602C3A4A2600010001 /* Products */ = {
			isa = PBXGroup;
			children = (
				3D0C905F2C3A4A2600010001 /* WipeLock.app */,
				3D0C908B2C3A4A2600010001 /* WipeLockTests.xctest */,
			);
			name = Products;
			sourceTree = "<group>";
		};
		3D0C90632C3A4A2600010001 /* Resources */ = {
			isa = PBXGroup;
			children = (
				3D0C90672C3A4A2600010001 /* Info.plist */,
			);
			path = Resources;
			sourceTree = "<group>";
		};
		3D0C90642C3A4A2600010001 /* Sources */ = {
			isa = PBXGroup;
			children = (
				3D0C908E2C3A4A2600010001 /* WipeLock */,
			);
			path = Sources;
			sourceTree = "<group>";
		};
		3D0C908E2C3A4A2600010001 /* WipeLock */ = {
			isa = PBXGroup;
			children = (
				3D0C907D2C3A4A2600010001 /* WipeLockApp.swift */,
				3D0C907E2C3A4A2600010001 /* ContentView.swift */,
				3D0C907F2C3A4A2600010001 /* CleaningDependencies.swift */,
				3D0C90802C3A4A2600010001 /* CleaningController.swift */,
				3D0C90852C3A4A2600010001 /* EventTapInputBlocker.swift */,
				3D0C90862C3A4A2600010001 /* HIDTrackpadBlocker.swift */,
				3D0C90872C3A4A2600010001 /* TrackpadGestureBlocker.swift */,
			);
			path = WipeLock;
			sourceTree = "<group>";
		};
		3D0C908C2C3A4A2600010001 /* Tests */ = {
			isa = PBXGroup;
			children = (
				3D0C90912C3A4A2600010001 /* WipeLockTests */,
			);
			path = Tests;
			sourceTree = "<group>";
		};
		3D0C90912C3A4A2600010001 /* WipeLockTests */ = {
			isa = PBXGroup;
			children = (
				3D0C908F2C3A4A2600010001 /* CleaningControllerTests.swift */,
			);
			path = WipeLockTests;
			sourceTree = "<group>";
		};
		3D0C90742C3A4A2600010001 /* Assets */ = {
			isa = PBXGroup;
			children = (
				3D0C907B2C3A4A2600010001 /* IconComposer */,
			);
			path = Assets;
			sourceTree = "<group>";
		};
		3D0C907B2C3A4A2600010001 /* IconComposer */ = {
			isa = PBXGroup;
			children = (
				3D0C90792C3A4A2600010001 /* README.md */,
				3D0C907A2C3A4A2600010001 /* app icon lock.icon */,
			);
			path = IconComposer;
			sourceTree = "<group>";
		};
/* End PBXGroup section */

/* Begin PBXNativeTarget section */
		3D0C905E2C3A4A2600010001 /* WipeLock */ = {
			isa = PBXNativeTarget;
			buildConfigurationList = 3D0C906D2C3A4A2600010001 /* Build configuration list for PBXNativeTarget "WipeLock" */;
			buildPhases = (
				3D0C905B2C3A4A2600010001 /* Sources */,
				3D0C905C2C3A4A2600010001 /* Frameworks */,
				3D0C905D2C3A4A2600010001 /* Resources */,
			);
			buildRules = (
			);
			dependencies = (
			);
			name = WipeLock;
			productName = WipeLock;
			productReference = 3D0C905F2C3A4A2600010001 /* WipeLock.app */;
			productType = "com.apple.product-type.application";
		};
		3D0C90922C3A4A2600010001 /* WipeLockTests */ = {
			isa = PBXNativeTarget;
			buildConfigurationList = 3D0C90962C3A4A2600010001 /* Build configuration list for PBXNativeTarget "WipeLockTests" */;
			buildPhases = (
				3D0C90932C3A4A2600010001 /* Sources */,
				3D0C908D2C3A4A2600010001 /* Frameworks */,
			);
			buildRules = (
			);
			dependencies = (
				3D0C90982C3A4A2600010001 /* PBXTargetDependency */,
			);
			name = WipeLockTests;
			productName = WipeLockTests;
			productReference = 3D0C908B2C3A4A2600010001 /* WipeLockTests.xctest */;
			productType = "com.apple.product-type.bundle.unit-test";
		};
/* End PBXNativeTarget section */

/* Begin PBXProject section */
		3D0C90572C3A4A2600010001 /* Project object */ = {
			isa = PBXProject;
			attributes = {
				BuildIndependentTargetsInParallel = 1;
				LastSwiftUpdateCheck = 1600;
				LastUpgradeCheck = 2700;
				TargetAttributes = {
					3D0C905E2C3A4A2600010001 = {
						CreatedOnToolsVersion = 16.0;
					};
					3D0C90922C3A4A2600010001 = {
						CreatedOnToolsVersion = 16.0;
						TestTargetID = 3D0C905E2C3A4A2600010001;
					};
				};
			};
			buildConfigurationList = 3D0C905A2C3A4A2600010001 /* Build configuration list for PBXProject "WipeLock" */;
			compatibilityVersion = "Xcode 14.0";
			developmentRegion = en;
			hasScannedForEncodings = 0;
			knownRegions = (
				en,
				Base,
			);
			mainGroup = 3D0C90562C3A4A2600010001;
			productRefGroup = 3D0C90602C3A4A2600010001 /* Products */;
			projectDirPath = "";
			projectRoot = "";
			targets = (
				3D0C905E2C3A4A2600010001 /* WipeLock */,
				3D0C90922C3A4A2600010001 /* WipeLockTests */,
			);
		};
/* End PBXProject section */

/* Begin PBXResourcesBuildPhase section */
		3D0C905D2C3A4A2600010001 /* Resources */ = {
			isa = PBXResourcesBuildPhase;
			buildActionMask = 2147483647;
			files = (
				3D0C907C2C3A4A2600010001 /* app icon lock.icon in Resources */,
			);
			runOnlyForDeploymentPostprocessing = 0;
		};
/* End PBXResourcesBuildPhase section */

/* Begin PBXSourcesBuildPhase section */
		3D0C905B2C3A4A2600010001 /* Sources */ = {
			isa = PBXSourcesBuildPhase;
			buildActionMask = 2147483647;
			files = (
				3D0C90812C3A4A2600010001 /* WipeLockApp.swift in Sources */,
				3D0C90822C3A4A2600010001 /* ContentView.swift in Sources */,
				3D0C90832C3A4A2600010001 /* CleaningDependencies.swift in Sources */,
				3D0C90842C3A4A2600010001 /* CleaningController.swift in Sources */,
				3D0C90882C3A4A2600010001 /* EventTapInputBlocker.swift in Sources */,
				3D0C90892C3A4A2600010001 /* HIDTrackpadBlocker.swift in Sources */,
				3D0C908A2C3A4A2600010001 /* TrackpadGestureBlocker.swift in Sources */,
			);
			runOnlyForDeploymentPostprocessing = 0;
		};
		3D0C90932C3A4A2600010001 /* Sources */ = {
			isa = PBXSourcesBuildPhase;
			buildActionMask = 2147483647;
			files = (
				3D0C90902C3A4A2600010001 /* CleaningControllerTests.swift in Sources */,
			);
			runOnlyForDeploymentPostprocessing = 0;
		};
/* End PBXSourcesBuildPhase section */

/* Begin PBXTargetDependency section */
		3D0C90982C3A4A2600010001 /* PBXTargetDependency */ = {
			isa = PBXTargetDependency;
			target = 3D0C905E2C3A4A2600010001 /* WipeLock */;
			targetProxy = 3D0C90972C3A4A2600010001 /* PBXContainerItemProxy */;
		};
/* End PBXTargetDependency section */

/* Begin XCBuildConfiguration section */
		3D0C906A2C3A4A2600010001 /* Debug */ = {
			isa = XCBuildConfiguration;
			buildSettings = {
				ALWAYS_SEARCH_USER_PATHS = NO;
				ASSETCATALOG_COMPILER_GENERATE_SWIFT_ASSET_SYMBOL_EXTENSIONS = YES;
				CLANG_ANALYZER_NONNULL = YES;
				CLANG_ANALYZER_NUMBER_OBJECT_CONVERSION = YES_AGGRESSIVE;
				CLANG_CXX_LANGUAGE_STANDARD = "gnu++20";
				CLANG_ENABLE_MODULES = YES;
				CLANG_ENABLE_OBJC_ARC = YES;
				CLANG_ENABLE_OBJC_WEAK = YES;
				CLANG_WARN_BLOCK_CAPTURE_AUTORELEASING = YES;
				CLANG_WARN_BOOL_CONVERSION = YES;
				CLANG_WARN_COMMA = YES;
				CLANG_WARN_CONSTANT_CONVERSION = YES;
				CLANG_WARN_DEPRECATED_OBJC_IMPLEMENTATIONS = YES;
				CLANG_WARN_DIRECT_OBJC_ISA_USAGE = YES_ERROR;
				CLANG_WARN_DOCUMENTATION_COMMENTS = YES;
				CLANG_WARN_EMPTY_BODY = YES;
				CLANG_WARN_ENUM_CONVERSION = YES;
				CLANG_WARN_INFINITE_RECURSION = YES;
				CLANG_WARN_INT_CONVERSION = YES;
				CLANG_WARN_NON_LITERAL_NULL_CONVERSION = YES;
				CLANG_WARN_OBJC_IMPLICIT_RETAIN_SELF = YES;
				CLANG_WARN_OBJC_LITERAL_CONVERSION = YES;
				CLANG_WARN_OBJC_ROOT_CLASS = YES_ERROR;
				CLANG_WARN_QUOTED_INCLUDE_IN_FRAMEWORK_HEADER = YES;
				CLANG_WARN_RANGE_LOOP_ANALYSIS = YES;
				CLANG_WARN_STRICT_PROTOTYPES = YES;
				CLANG_WARN_SUSPICIOUS_MOVE = YES;
				CLANG_WARN_UNGUARDED_AVAILABILITY = YES_AGGRESSIVE;
				CLANG_WARN_UNREACHABLE_CODE = YES;
				CLANG_WARN__DUPLICATE_METHOD_MATCH = YES;
				COPY_PHASE_STRIP = NO;
				DEAD_CODE_STRIPPING = YES;
				DEBUG_INFORMATION_FORMAT = dwarf;
				ENABLE_STRICT_OBJC_MSGSEND = YES;
				ENABLE_TESTABILITY = YES;
				ENABLE_USER_SCRIPT_SANDBOXING = YES;
				GCC_C_LANGUAGE_STANDARD = gnu17;
				GCC_DYNAMIC_NO_PIC = NO;
				GCC_NO_COMMON_BLOCKS = YES;
				GCC_OPTIMIZATION_LEVEL = 0;
				GCC_PREPROCESSOR_DEFINITIONS = (
					"DEBUG=1",
					"$(inherited)",
				);
				GCC_WARN_64_TO_32_BIT_CONVERSION = YES;
				GCC_WARN_ABOUT_RETURN_TYPE = YES_ERROR;
				GCC_WARN_UNDECLARED_SELECTOR = YES;
				GCC_WARN_UNINITIALIZED_AUTOS = YES_AGGRESSIVE;
				GCC_WARN_UNUSED_FUNCTION = YES;
				GCC_WARN_UNUSED_VARIABLE = YES;
				MACOSX_DEPLOYMENT_TARGET = 13.0;
				MTL_ENABLE_DEBUG_INFO = INCLUDE_SOURCE;
				MTL_FAST_MATH = YES;
				ONLY_ACTIVE_ARCH = YES;
				SDKROOT = macosx;
				STRING_CATALOG_GENERATE_SYMBOLS = YES;
				SWIFT_ACTIVE_COMPILATION_CONDITIONS = DEBUG;
				SWIFT_OPTIMIZATION_LEVEL = "-Onone";
			};
			name = Debug;
		};
		3D0C906B2C3A4A2600010001 /* Release */ = {
			isa = XCBuildConfiguration;
			buildSettings = {
				ALWAYS_SEARCH_USER_PATHS = NO;
				ASSETCATALOG_COMPILER_GENERATE_SWIFT_ASSET_SYMBOL_EXTENSIONS = YES;
				CLANG_ANALYZER_NONNULL = YES;
				CLANG_ANALYZER_NUMBER_OBJECT_CONVERSION = YES_AGGRESSIVE;
				CLANG_CXX_LANGUAGE_STANDARD = "gnu++20";
				CLANG_ENABLE_MODULES = YES;
				CLANG_ENABLE_OBJC_ARC = YES;
				CLANG_ENABLE_OBJC_WEAK = YES;
				CLANG_WARN_BLOCK_CAPTURE_AUTORELEASING = YES;
				CLANG_WARN_BOOL_CONVERSION = YES;
				CLANG_WARN_COMMA = YES;
				CLANG_WARN_CONSTANT_CONVERSION = YES;
				CLANG_WARN_DEPRECATED_OBJC_IMPLEMENTATIONS = YES;
				CLANG_WARN_DIRECT_OBJC_ISA_USAGE = YES_ERROR;
				CLANG_WARN_DOCUMENTATION_COMMENTS = YES;
				CLANG_WARN_EMPTY_BODY = YES;
				CLANG_WARN_ENUM_CONVERSION = YES;
				CLANG_WARN_INFINITE_RECURSION = YES;
				CLANG_WARN_INT_CONVERSION = YES;
				CLANG_WARN_NON_LITERAL_NULL_CONVERSION = YES;
				CLANG_WARN_OBJC_IMPLICIT_RETAIN_SELF = YES;
				CLANG_WARN_OBJC_LITERAL_CONVERSION = YES;
				CLANG_WARN_OBJC_ROOT_CLASS = YES_ERROR;
				CLANG_WARN_QUOTED_INCLUDE_IN_FRAMEWORK_HEADER = YES;
				CLANG_WARN_RANGE_LOOP_ANALYSIS = YES;
				CLANG_WARN_STRICT_PROTOTYPES = YES;
				CLANG_WARN_SUSPICIOUS_MOVE = YES;
				CLANG_WARN_UNGUARDED_AVAILABILITY = YES_AGGRESSIVE;
				CLANG_WARN_UNREACHABLE_CODE = YES;
				CLANG_WARN__DUPLICATE_METHOD_MATCH = YES;
				COPY_PHASE_STRIP = NO;
				DEAD_CODE_STRIPPING = YES;
				DEBUG_INFORMATION_FORMAT = "dwarf-with-dsym";
				ENABLE_NS_ASSERTIONS = NO;
				ENABLE_STRICT_OBJC_MSGSEND = YES;
				ENABLE_USER_SCRIPT_SANDBOXING = YES;
				GCC_C_LANGUAGE_STANDARD = gnu17;
				GCC_NO_COMMON_BLOCKS = YES;
				GCC_WARN_64_TO_32_BIT_CONVERSION = YES;
				GCC_WARN_ABOUT_RETURN_TYPE = YES_ERROR;
				GCC_WARN_UNDECLARED_SELECTOR = YES;
				GCC_WARN_UNINITIALIZED_AUTOS = YES_AGGRESSIVE;
				GCC_WARN_UNUSED_FUNCTION = YES;
				GCC_WARN_UNUSED_VARIABLE = YES;
				MACOSX_DEPLOYMENT_TARGET = 13.0;
				MTL_ENABLE_DEBUG_INFO = NO;
				MTL_FAST_MATH = YES;
				SDKROOT = macosx;
				STRING_CATALOG_GENERATE_SYMBOLS = YES;
				SWIFT_COMPILATION_MODE = wholemodule;
				SWIFT_OPTIMIZATION_LEVEL = "-O";
			};
			name = Release;
		};
		3D0C906E2C3A4A2600010001 /* Debug */ = {
			isa = XCBuildConfiguration;
			buildSettings = {
				CODE_SIGN_IDENTITY = "-";
				CODE_SIGN_STYLE = Manual;
				COMBINE_HIDPI_IMAGES = YES;
				DEAD_CODE_STRIPPING = YES;
				GENERATE_INFOPLIST_FILE = NO;
				INFOPLIST_FILE = Resources/Info.plist;
				LD_RUNPATH_SEARCH_PATHS = (
					"$(inherited)",
					"@executable_path/../Frameworks",
				);
				MACOSX_DEPLOYMENT_TARGET = 13.0;
				OTHER_LDFLAGS = (
					"-framework",
					IOKit,
				);
				PRODUCT_BUNDLE_IDENTIFIER = local.baileykiehl.wipelock;
				PRODUCT_NAME = "$(TARGET_NAME)";
				SWIFT_EMIT_LOC_STRINGS = YES;
				SWIFT_VERSION = 5.0;
			};
			name = Debug;
		};
		3D0C906F2C3A4A2600010001 /* Release */ = {
			isa = XCBuildConfiguration;
			buildSettings = {
				CODE_SIGN_IDENTITY = "-";
				CODE_SIGN_STYLE = Manual;
				COMBINE_HIDPI_IMAGES = YES;
				DEAD_CODE_STRIPPING = YES;
				GENERATE_INFOPLIST_FILE = NO;
				INFOPLIST_FILE = Resources/Info.plist;
				LD_RUNPATH_SEARCH_PATHS = (
					"$(inherited)",
					"@executable_path/../Frameworks",
				);
				MACOSX_DEPLOYMENT_TARGET = 13.0;
				OTHER_LDFLAGS = (
					"-framework",
					IOKit,
				);
				PRODUCT_BUNDLE_IDENTIFIER = local.baileykiehl.wipelock;
				PRODUCT_NAME = "$(TARGET_NAME)";
				SWIFT_EMIT_LOC_STRINGS = YES;
				SWIFT_VERSION = 5.0;
			};
			name = Release;
		};
		3D0C90942C3A4A2600010001 /* Debug */ = {
			isa = XCBuildConfiguration;
			buildSettings = {
				BUNDLE_LOADER = "$(TEST_HOST)";
				CODE_SIGN_STYLE = Manual;
				GENERATE_INFOPLIST_FILE = YES;
				LD_RUNPATH_SEARCH_PATHS = (
					"$(inherited)",
					"@executable_path/../Frameworks",
					"@loader_path/../Frameworks",
				);
				MACOSX_DEPLOYMENT_TARGET = 13.0;
				PRODUCT_BUNDLE_IDENTIFIER = local.baileykiehl.wipelock.tests;
				PRODUCT_NAME = "$(TARGET_NAME)";
				SWIFT_EMIT_LOC_STRINGS = NO;
				SWIFT_VERSION = 5.0;
				TEST_HOST = "$(BUILT_PRODUCTS_DIR)/WipeLock.app/Contents/MacOS/WipeLock";
			};
			name = Debug;
		};
		3D0C90952C3A4A2600010001 /* Release */ = {
			isa = XCBuildConfiguration;
			buildSettings = {
				BUNDLE_LOADER = "$(TEST_HOST)";
				CODE_SIGN_STYLE = Manual;
				GENERATE_INFOPLIST_FILE = YES;
				LD_RUNPATH_SEARCH_PATHS = (
					"$(inherited)",
					"@executable_path/../Frameworks",
					"@loader_path/../Frameworks",
				);
				MACOSX_DEPLOYMENT_TARGET = 13.0;
				PRODUCT_BUNDLE_IDENTIFIER = local.baileykiehl.wipelock.tests;
				PRODUCT_NAME = "$(TARGET_NAME)";
				SWIFT_EMIT_LOC_STRINGS = NO;
				SWIFT_VERSION = 5.0;
				TEST_HOST = "$(BUILT_PRODUCTS_DIR)/WipeLock.app/Contents/MacOS/WipeLock";
			};
			name = Release;
		};
/* End XCBuildConfiguration section */

/* Begin XCConfigurationList section */
		3D0C905A2C3A4A2600010001 /* Build configuration list for PBXProject "WipeLock" */ = {
			isa = XCConfigurationList;
			buildConfigurations = (
				3D0C906A2C3A4A2600010001 /* Debug */,
				3D0C906B2C3A4A2600010001 /* Release */,
			);
			defaultConfigurationIsVisible = 0;
			defaultConfigurationName = Release;
		};
		3D0C906D2C3A4A2600010001 /* Build configuration list for PBXNativeTarget "WipeLock" */ = {
			isa = XCConfigurationList;
			buildConfigurations = (
				3D0C906E2C3A4A2600010001 /* Debug */,
				3D0C906F2C3A4A2600010001 /* Release */,
			);
			defaultConfigurationIsVisible = 0;
			defaultConfigurationName = Release;
		};
		3D0C90962C3A4A2600010001 /* Build configuration list for PBXNativeTarget "WipeLockTests" */ = {
			isa = XCConfigurationList;
			buildConfigurations = (
				3D0C90942C3A4A2600010001 /* Debug */,
				3D0C90952C3A4A2600010001 /* Release */,
			);
			defaultConfigurationIsVisible = 0;
			defaultConfigurationName = Release;
		};
/* End XCConfigurationList section */
	};
	rootObject = 3D0C90572C3A4A2600010001 /* Project object */;
}
